
Microsoft Visual Studio Solution File, Format Version 12.00
# Visual Studio 14
VisualStudioVersion = 14.0.25123.0
MinimumVisualStudioVersion = 10.0.40219.1
Project("{FAE04EC0-301F-11D3-BF4B-00C04F79EFBC}") = "OdeToFood", "OdeToFood\OdeToFood.csproj", "{FDE2B87E-37C4-4AB8-A554-BA563C0C78ED}"
EndProject
Project("{FAE04EC0-301F-11D3-BF4B-00C04F79EFBC}") = "OdeToFood.Tests", "OdeToFood.Tests\OdeToFood.Tests.csproj", "{0F04121A-F5FB-4088-88B9-17C8F15C0EEB}"
EndProject
Global
	GlobalSection(SolutionConfigurationPlatforms) = preSolution
		Debug|Any CPU = Debug|Any CPU
		Release|Any CPU = Release|Any CPU
	EndGlobalSection
	GlobalSection(ProjectConfigurationPlatforms) = postSolution
		{FDE2B87E-37C4-4AB8-A554-BA563C0C78ED}.Debug|Any CPU.ActiveCfg = Debug|Any CPU
		{FDE2B87E-37C4-4AB8-A554-BA563C0C78ED}.Debug|Any CPU.Build.0 = Debug|Any CPU
		{FDE2B87E-37C4-4AB8-A554-BA563C0C78ED}.Release|Any CPU.ActiveCfg = Release|Any CPU
		{FDE2B87E-37C4-4AB8-A554-BA563C0C78ED}.Release|Any CPU.Build.0 = Release|Any CPU
		{0F04121A-F5FB-4088-88B9-17C8F15C0EEB}.Debug|Any CPU.ActiveCfg = Debug|Any CPU
		{0F04121A-F5FB-4088-88B9-17C8F15C0EEB}.Debug|Any CPU.Build.0 = Debug|Any CPU
		{0F04121A-F5FB-4088-88B9-17C8F15C0EEB}.Release|Any CPU.ActiveCfg = Release|Any CPU
		{0F04121A-F5FB-4088-88B9-17C8F15C0EEB}.Release|Any CPU.Build.0 = Release|Any CPU
	EndGlobalSection
	GlobalSection(SolutionProperties) = preSolution
		HideSolutionNode = FALSE
	EndGlobalSection
EndGlobal
